github.com/google/uuid v1.6.0 h1:NIvaJDMOsjHA8n1jAhLSgzrAzy1Hgr+hNrb57e+94F0=
github.com/google/uuid v1.6.0/go.mod h1:TIyPZe4MgqvfeYDBFedMoGGpEw/LqOeaOT+nhxU+yHo=
github.com/themodelarchitect/data v0.0.0-20250317141849-7f5af87f10f2 h1:BTZuBEZAUr8HSkS0UjTmNAosGt0C7ekPjqxCbXLrjpQ=
github.com/themodelarchitect/data v0.0.0-20250317141849-7f5af87f10f2/go.mod h1:FuUXPvV3kxMHarcZEinxe7tyINdDF2JHW9F5/RTA6K8=
github.com/themodelarchitect/toolbox v0.0.0-20250317142121-fcbe1dcbe005 h1:A3/FtoGqo59l+SQjIoCCQpBwRw7v/bNnhbcQi0ZyPjM=
github.com/themodelarchitect/toolbox v0.0.0-20250317142121-fcbe1dcbe005/go.mod h1:Oe79Vfu8XwQuPzhUhy6aTzvvsAS9O6nkSOOhYZ0ynjs=
